
Microsoft Visual Studio Solution File, Format Version 12.00
# Visual Studio 15
VisualStudioVersion = 15.0.26124.0
MinimumVisualStudioVersion = 15.0.26124.0
Project("{FAE04EC0-301F-11D3-BF4B-00C04F79EFBC}") = "Api", "Api\Api.csproj", "{3118A996-3BC8-4449-BB9E-FCFFCD91D66D}"
EndProject
Project("{FAE04EC0-301F-11D3-BF4B-00C04F79EFBC}") = "Api.Tests", "Api.Tests\Api.Tests.csproj", "{6758EC49-25B2-429D-8F07-81198E1F618F}"
EndProject
Project("{FAE04EC0-301F-11D3-BF4B-00C04F79EFBC}") = "Contracts", "Contracts\Contracts.csproj", "{76CE12FD-21E1-4AD2-B659-1F3772867D39}"
EndProject
Project("{FAE04EC0-301F-11D3-BF4B-00C04F79EFBC}") = "Entities", "Entities\Entities.csproj", "{CE7BB53F-9553-4A3F-9626-F7F3637E1789}"
EndProject
Project("{FAE04EC0-301F-11D3-BF4B-00C04F79EFBC}") = "Entities.Tests", "Entities.Tests\Entities.Tests.csproj", "{1F7DDA0F-0E96-4E93-8A15-A578C569B0AA}"
EndProject
Project("{FAE04EC0-301F-11D3-BF4B-00C04F79EFBC}") = "Logger", "Logger\Logger.csproj", "{2B9DEBAA-65CD-473A-9306-289EE3A84F21}"
EndProject
Project("{FAE04EC0-301F-11D3-BF4B-00C04F79EFBC}") = "Repositories", "Repositories\Repositories.csproj", "{F34D7C8A-3417-4FE6-B68E-9489E2B48412}"
EndProject
Project("{FAE04EC0-301F-11D3-BF4B-00C04F79EFBC}") = "Repositories.Tests", "Repositories.Tests\Repositories.Tests.csproj", "{28E123CF-E35B-47FC-B75D-505FC1342F3F}"
EndProject
Global
	GlobalSection(SolutionConfigurationPlatforms) = preSolution
		Debug|Any CPU = Debug|Any CPU
		Debug|x64 = Debug|x64
		Debug|x86 = Debug|x86
		Release|Any CPU = Release|Any CPU
		Release|x64 = Release|x64
		Release|x86 = Release|x86
	EndGlobalSection
	GlobalSection(SolutionProperties) = preSolution
		HideSolutionNode = FALSE
	EndGlobalSection
	GlobalSection(ProjectConfigurationPlatforms) = postSolution
		{3118A996-3BC8-4449-BB9E-FCFFCD91D66D}.Debug|Any CPU.ActiveCfg = Debug|Any CPU
		{3118A996-3BC8-4449-BB9E-FCFFCD91D66D}.Debug|Any CPU.Build.0 = Debug|Any CPU
		{3118A996-3BC8-4449-BB9E-FCFFCD91D66D}.Debug|x64.ActiveCfg = Debug|Any CPU
		{3118A996-3BC8-4449-BB9E-FCFFCD91D66D}.Debug|x64.Build.0 = Debug|Any CPU
		{3118A996-3BC8-4449-BB9E-FCFFCD91D66D}.Debug|x86.ActiveCfg = Debug|Any CPU
		{3118A996-3BC8-4449-BB9E-FCFFCD91D66D}.Debug|x86.Build.0 = Debug|Any CPU
		{3118A996-3BC8-4449-BB9E-FCFFCD91D66D}.Release|Any CPU.ActiveCfg = Release|Any CPU
		{3118A996-3BC8-4449-BB9E-FCFFCD91D66D}.Release|Any CPU.Build.0 = Release|Any CPU
		{3118A996-3BC8-4449-BB9E-FCFFCD91D66D}.Release|x64.ActiveCfg = Release|Any CPU
		{3118A996-3BC8-4449-BB9E-FCFFCD91D66D}.Release|x64.Build.0 = Release|Any CPU
		{3118A996-3BC8-4449-BB9E-FCFFCD91D66D}.Release|x86.ActiveCfg = Release|Any CPU
		{3118A996-3BC8-4449-BB9E-FCFFCD91D66D}.Release|x86.Build.0 = Release|Any CPU
		{6758EC49-25B2-429D-8F07-81198E1F618F}.Debug|Any CPU.ActiveCfg = Debug|Any CPU
		{6758EC49-25B2-429D-8F07-81198E1F618F}.Debug|Any CPU.Build.0 = Debug|Any CPU
		{6758EC49-25B2-429D-8F07-81198E1F618F}.Debug|x64.ActiveCfg = Debug|Any CPU
		{6758EC49-25B2-429D-8F07-81198E1F618F}.Debug|x64.Build.0 = Debug|Any CPU
		{6758EC49-25B2-429D-8F07-81198E1F618F}.Debug|x86.ActiveCfg = Debug|Any CPU
		{6758EC49-25B2-429D-8F07-81198E1F618F}.Debug|x86.Build.0 = Debug|Any CPU
		{6758EC49-25B2-429D-8F07-81198E1F618F}.Release|Any CPU.ActiveCfg = Release|Any CPU
		{6758EC49-25B2-429D-8F07-81198E1F618F}.Release|Any CPU.Build.0 = Release|Any CPU
		{6758EC49-25B2-429D-8F07-81198E1F618F}.Release|x64.ActiveCfg = Release|Any CPU
		{6758EC49-25B2-429D-8F07-81198E1F618F}.Release|x64.Build.0 = Release|Any CPU
		{6758EC49-25B2-429D-8F07-81198E1F618F}.Release|x86.ActiveCfg = Release|Any CPU
		{6758EC49-25B2-429D-8F07-81198E1F618F}.Release|x86.Build.0 = Release|Any CPU
		{76CE12FD-21E1-4AD2-B659-1F3772867D39}.Debug|Any CPU.ActiveCfg = Debug|Any CPU
		{76CE12FD-21E1-4AD2-B659-1F3772867D39}.Debug|Any CPU.Build.0 = Debug|Any CPU
		{76CE12FD-21E1-4AD2-B659-1F3772867D39}.Debug|x64.ActiveCfg = Debug|Any CPU
		{76CE12FD-21E1-4AD2-B659-1F3772867D39}.Debug|x64.Build.0 = Debug|Any CPU
		{76CE12FD-21E1-4AD2-B659-1F3772867D39}.Debug|x86.ActiveCfg = Debug|Any CPU
		{76CE12FD-21E1-4AD2-B659-1F3772867D39}.Debug|x86.Build.0 = Debug|Any CPU
		{76CE12FD-21E1-4AD2-B659-1F3772867D39}.Release|Any CPU.ActiveCfg = Release|Any CPU
		{76CE12FD-21E1-4AD2-B659-1F3772867D39}.Release|Any CPU.Build.0 = Release|Any CPU
		{76CE12FD-21E1-4AD2-B659-1F3772867D39}.Release|x64.ActiveCfg = Release|Any CPU
		{76CE12FD-21E1-4AD2-B659-1F3772867D39}.Release|x64.Build.0 = Release|Any CPU
		{76CE12FD-21E1-4AD2-B659-1F3772867D39}.Release|x86.ActiveCfg = Release|Any CPU
		{76CE12FD-21E1-4AD2-B659-1F3772867D39}.Release|x86.Build.0 = Release|Any CPU
		{CE7BB53F-9553-4A3F-9626-F7F3637E1789}.Debug|Any CPU.ActiveCfg = Debug|Any CPU
		{CE7BB53F-9553-4A3F-9626-F7F3637E1789}.Debug|Any CPU.Build.0 = Debug|Any CPU
		{CE7BB53F-9553-4A3F-9626-F7F3637E1789}.Debug|x64.ActiveCfg = Debug|Any CPU
		{CE7BB53F-9553-4A3F-9626-F7F3637E1789}.Debug|x64.Build.0 = Debug|Any CPU
		{CE7BB53F-9553-4A3F-9626-F7F3637E1789}.Debug|x86.ActiveCfg = Debug|Any CPU
		{CE7BB53F-9553-4A3F-9626-F7F3637E1789}.Debug|x86.Build.0 = Debug|Any CPU
		{CE7BB53F-9553-4A3F-9626-F7F3637E1789}.Release|Any CPU.ActiveCfg = Release|Any CPU
		{CE7BB53F-9553-4A3F-9626-F7F3637E1789}.Release|Any CPU.Build.0 = Release|Any CPU
		{CE7BB53F-9553-4A3F-9626-F7F3637E1789}.Release|x64.ActiveCfg = Release|Any CPU
		{CE7BB53F-9553-4A3F-9626-F7F3637E1789}.Release|x64.Build.0 = Release|Any CPU
		{CE7BB53F-9553-4A3F-9626-F7F3637E1789}.Release|x86.ActiveCfg = Release|Any CPU
		{CE7BB53F-9553-4A3F-9626-F7F3637E1789}.Release|x86.Build.0 = Release|Any CPU
		{1F7DDA0F-0E96-4E93-8A15-A578C569B0AA}.Debug|Any CPU.ActiveCfg = Debug|Any CPU
		{1F7DDA0F-0E96-4E93-8A15-A578C569B0AA}.Debug|Any CPU.Build.0 = Debug|Any CPU
		{1F7DDA0F-0E96-4E93-8A15-A578C569B0AA}.Debug|x64.ActiveCfg = Debug|Any CPU
		{1F7DDA0F-0E96-4E93-8A15-A578C569B0AA}.Debug|x64.Build.0 = Debug|Any CPU
		{1F7DDA0F-0E96-4E93-8A15-A578C569B0AA}.Debug|x86.ActiveCfg = Debug|Any CPU
		{1F7DDA0F-0E96-4E93-8A15-A578C569B0AA}.Debug|x86.Build.0 = Debug|Any CPU
		{1F7DDA0F-0E96-4E93-8A15-A578C569B0AA}.Release|Any CPU.ActiveCfg = Release|Any CPU
		{1F7DDA0F-0E96-4E93-8A15-A578C569B0AA}.Release|Any CPU.Build.0 = Release|Any CPU
		{1F7DDA0F-0E96-4E93-8A15-A578C569B0AA}.Release|x64.ActiveCfg = Release|Any CPU
		{1F7DDA0F-0E96-4E93-8A15-A578C569B0AA}.Release|x64.Build.0 = Release|Any CPU
		{1F7DDA0F-0E96-4E93-8A15-A578C569B0AA}.Release|x86.ActiveCfg = Release|Any CPU
		{1F7DDA0F-0E96-4E93-8A15-A578C569B0AA}.Release|x86.Build.0 = Release|Any CPU
		{2B9DEBAA-65CD-473A-9306-289EE3A84F21}.Debug|Any CPU.ActiveCfg = Debug|Any CPU
		{2B9DEBAA-65CD-473A-9306-289EE3A84F21}.Debug|Any CPU.Build.0 = Debug|Any CPU
		{2B9DEBAA-65CD-473A-9306-289EE3A84F21}.Debug|x64.ActiveCfg = Debug|Any CPU
		{2B9DEBAA-65CD-473A-9306-289EE3A84F21}.Debug|x64.Build.0 = Debug|Any CPU
		{2B9DEBAA-65CD-473A-9306-289EE3A84F21}.Debug|x86.ActiveCfg = Debug|Any CPU
		{2B9DEBAA-65CD-473A-9306-289EE3A84F21}.Debug|x86.Build.0 = Debug|Any CPU
		{2B9DEBAA-65CD-473A-9306-289EE3A84F21}.Release|Any CPU.ActiveCfg = Release|Any CPU
		{2B9DEBAA-65CD-473A-9306-289EE3A84F21}.Release|Any CPU.Build.0 = Release|Any CPU
		{2B9DEBAA-65CD-473A-9306-289EE3A84F21}.Release|x64.ActiveCfg = Release|Any CPU
		{2B9DEBAA-65CD-473A-9306-289EE3A84F21}.Release|x64.Build.0 = Release|Any CPU
		{2B9DEBAA-65CD-473A-9306-289EE3A84F21}.Release|x86.ActiveCfg = Release|Any CPU
		{2B9DEBAA-65CD-473A-9306-289EE3A84F21}.Release|x86.Build.0 = Release|Any CPU
		{F34D7C8A-3417-4FE6-B68E-9489E2B48412}.Debug|Any CPU.ActiveCfg = Debug|Any CPU
		{F34D7C8A-3417-4FE6-B68E-9489E2B48412}.Debug|Any CPU.Build.0 = Debug|Any CPU
		{F34D7C8A-3417-4FE6-B68E-9489E2B48412}.Debug|x64.ActiveCfg = Debug|Any CPU
		{F34D7C8A-3417-4FE6-B68E-9489E2B48412}.Debug|x64.Build.0 = Debug|Any CPU
		{F34D7C8A-3417-4FE6-B68E-9489E2B48412}.Debug|x86.ActiveCfg = Debug|Any CPU
		{F34D7C8A-3417-4FE6-B68E-9489E2B48412}.Debug|x86.Build.0 = Debug|Any CPU
		{F34D7C8A-3417-4FE6-B68E-9489E2B48412}.Release|Any CPU.ActiveCfg = Release|Any CPU
		{F34D7C8A-3417-4FE6-B68E-9489E2B48412}.Release|Any CPU.Build.0 = Release|Any CPU
		{F34D7C8A-3417-4FE6-B68E-9489E2B48412}.Release|x64.ActiveCfg = Release|Any CPU
		{F34D7C8A-3417-4FE6-B68E-9489E2B48412}.Release|x64.Build.0 = Release|Any CPU
		{F34D7C8A-3417-4FE6-B68E-9489E2B48412}.Release|x86.ActiveCfg = Release|Any CPU
		{F34D7C8A-3417-4FE6-B68E-9489E2B48412}.Release|x86.Build.0 = Release|Any CPU
		{28E123CF-E35B-47FC-B75D-505FC1342F3F}.Debug|Any CPU.ActiveCfg = Debug|Any CPU
		{28E123CF-E35B-47FC-B75D-505FC1342F3F}.Debug|Any CPU.Build.0 = Debug|Any CPU
		{28E123CF-E35B-47FC-B75D-505FC1342F3F}.Debug|x64.ActiveCfg = Debug|Any CPU
		{28E123CF-E35B-47FC-B75D-505FC1342F3F}.Debug|x64.Build.0 = Debug|Any CPU
		{28E123CF-E35B-47FC-B75D-505FC1342F3F}.Debug|x86.ActiveCfg = Debug|Any CPU
		{28E123CF-E35B-47FC-B75D-505FC1342F3F}.Debug|x86.Build.0 = Debug|Any CPU
		{28E123CF-E35B-47FC-B75D-505FC1342F3F}.Release|Any CPU.ActiveCfg = Release|Any CPU
		{28E123CF-E35B-47FC-B75D-505FC1342F3F}.Release|Any CPU.Build.0 = Release|Any CPU
		{28E123CF-E35B-47FC-B75D-505FC1342F3F}.Release|x64.ActiveCfg = Release|Any CPU
		{28E123CF-E35B-47FC-B75D-505FC1342F3F}.Release|x64.Build.0 = Release|Any CPU
		{28E123CF-E35B-47FC-B75D-505FC1342F3F}.Release|x86.ActiveCfg = Release|Any CPU
		{28E123CF-E35B-47FC-B75D-505FC1342F3F}.Release|x86.Build.0 = Release|Any CPU
	EndGlobalSection
EndGlobal
